#MicroXplorer Configuration settings - do not modify
ADC.ClockPrescaler=ADC_CLOCK_ASYNC_DIV1
ADC.ContinuousConvMode=ENABLE
ADC.DMAContinuousRequests=ENABLE
ADC.DataAlign=ADC_DATAALIGN_RIGHT
ADC.DiscontinuousConvMode=DISABLE
ADC.EOCSelection=ADC_EOC_SINGLE_CONV
ADC.EnableAnalogWatchDog=false
ADC.ExternalTrigConv=ADC_SOFTWARE_START
ADC.ExternalTrigConvEdge=ADC_EXTERNALTRIGCONVEDGE_NONE
ADC.IPParameters=ClockPrescaler,ContinuousConvMode,DMAContinuousRequests,SamplingTime,Resolution,DataAlign,ScanConvMode,DiscontinuousConvMode,EOCSelection,Overrun,LowPowerAutoWait,LowPowerFrequencyMode,LowPowerAutoPowerOff,OversamplingMode,ExternalTrigConv,ExternalTrigConvEdge,EnableAnalogWatchDog
ADC.LowPowerAutoPowerOff=DISABLE
ADC.LowPowerAutoWait=DISABLE
ADC.LowPowerFrequencyMode=DISABLE
ADC.Overrun=ADC_OVR_DATA_PRESERVED
ADC.OversamplingMode=DISABLE
ADC.Resolution=ADC_RESOLUTION_12B
ADC.SamplingTime=ADC_SAMPLETIME_39CYCLES_5
ADC.ScanConvMode=ADC_SCAN_DIRECTION_FORWARD
Dma.ADC.0.Direction=DMA_PERIPH_TO_MEMORY
Dma.ADC.0.Instance=DMA1_Channel1
Dma.ADC.0.MemDataAlignment=DMA_MDATAALIGN_WORD
Dma.ADC.0.MemInc=DMA_MINC_ENABLE
Dma.ADC.0.Mode=DMA_CIRCULAR
Dma.ADC.0.PeriphDataAlignment=DMA_PDATAALIGN_WORD
Dma.ADC.0.PeriphInc=DMA_PINC_DISABLE
Dma.ADC.0.Priority=DMA_PRIORITY_LOW
Dma.ADC.0.RequestParameters=Instance,Direction,PeriphInc,MemInc,PeriphDataAlignment,MemDataAlignment,Mode,Priority
Dma.Request0=ADC
Dma.RequestsNb=1
FREERTOS.FootprintOK=true
FREERTOS.IPParameters=configUSE_ALTERNATIVE_API,Tasks01,Queues01,FootprintOK
FREERTOS.Queues01=myQueue01,16,uint16_t,NULL,Dynamic,NULL,NULL
FREERTOS.Tasks01=Task01,0,128,StartTask01,Default,NULL,Dynamic,NULL,NULL;Task02,-3,128,StartTask02,Default,NULL,Dynamic,NULL,NULL
FREERTOS.configUSE_ALTERNATIVE_API=0
File.Version=6
KeepUserPlacement=false
Mcu.Family=STM32L0
Mcu.IP0=ADC
Mcu.IP1=DMA
Mcu.IP2=FREERTOS
Mcu.IP3=NVIC
Mcu.IP4=RCC
Mcu.IP5=SYS
Mcu.IP6=USART2
Mcu.IPNb=7
Mcu.Name=STM32L073R(B-Z)Tx
Mcu.Package=LQFP64
Mcu.Pin0=PA0
Mcu.Pin1=PA2
Mcu.Pin2=PA3
Mcu.Pin3=PA5
Mcu.Pin4=PA13
Mcu.Pin5=PA14
Mcu.Pin6=VP_FREERTOS_VS_ENABLE
Mcu.Pin7=VP_SYS_VS_tim6
Mcu.PinsNb=8
Mcu.UserConstants=
Mcu.UserName=STM32L073RZTx
MxCube.Version=4.20.0
MxDb.Version=DB.4.0.200
NVIC.DMA1_Channel1_IRQn=true\:3\:0\:false\:false\:true\:true
NVIC.HardFault_IRQn=true\:0\:0\:false\:false\:true\:false
NVIC.NonMaskableInt_IRQn=true\:0\:0\:false\:false\:true\:false
NVIC.PendSV_IRQn=true\:3\:0\:false\:false\:false\:true
NVIC.SVC_IRQn=true\:0\:0\:false\:false\:false\:false
NVIC.SysTick_IRQn=true\:3\:0\:false\:false\:true\:true
NVIC.TIM6_DAC_IRQn=true\:0\:0\:false\:false\:true\:false
NVIC.TimeBase=TIM6_DAC_IRQn
NVIC.TimeBaseIP=TIM6
PA0.Mode=IN0
PA0.Signal=ADC_IN0
PA13.Mode=Serial_Wire
PA13.Signal=SYS_SWDIO
PA14.Mode=Serial_Wire
PA14.Signal=SYS_SWCLK
PA2.Mode=Asynchronous
PA2.Signal=USART2_TX
PA3.Mode=Asynchronous
PA3.Signal=USART2_RX
PA5.GPIOParameters=GPIO_Label
PA5.GPIO_Label=LD2
PA5.Locked=true
PA5.Signal=GPIO_Output
PCC.Checker=true
PCC.Line=STM32L0x3
PCC.MCU=STM32L073R(B-Z)Tx
PCC.MXVersion=4.20.0
PCC.PartNumber=STM32L073RZTx
PCC.Seq0=0
PCC.Series=STM32L0
PCC.Temperature=25
PCC.Vdd=3.0
ProjectManager.AskForMigrate=true
ProjectManager.BackupPrevious=false
ProjectManager.CompilerOptimize=2
ProjectManager.ComputerToolchain=false
ProjectManager.CoupleFile=false
ProjectManager.CustomerFirmwarePackage=C\:/Users/naynaez/STM32Cube/Repository/STM32Cube_FW_L0_V1.8.0
ProjectManager.DefaultFWLocation=true
ProjectManager.DeletePrevious=true
ProjectManager.DeviceId=STM32L073RZTx
ProjectManager.FirmwarePackage=STM32Cube FW_L0 V1.8.0
ProjectManager.FreePins=false
ProjectManager.HalAssertFull=false
ProjectManager.HeapSize=0x400
ProjectManager.KeepUserCode=true
ProjectManager.LastFirmware=true
ProjectManager.LibraryCopy=0
ProjectManager.PreviousToolchain=
ProjectManager.ProjectBuild=false
ProjectManager.ProjectFileName=TGR_SENSOR_TASKS.ioc
ProjectManager.ProjectName=TGR_SENSOR_TASKS
ProjectManager.StackSize=0x800
ProjectManager.TargetToolchain=MDK-ARM V5
ProjectManager.ToolChainLocation=
ProjectManager.UnderRoot=false
ProjectManager.functionlistsort=1-MX_GPIO_Init-GPIO-false-HAL,2-MX_DMA_Init-DMA-false-HAL,3-SystemClock_Config-RCC-false-HAL,4-MX_ADC_Init-ADC-false-HAL,5-MX_USART2_UART_Init-USART2-false-HAL
RCC.48CLKFreq_Value=32000000
RCC.48MEnable=false
RCC.48RNGFreq_Value=32000000
RCC.48USBFreq_Value=32000000
RCC.ADCEnable=true
RCC.AHBCLKDivider=RCC_SYSCLK_DIV1
RCC.AHBFreq_Value=32000000
RCC.APB1CLKDivider=RCC_HCLK_DIV1
RCC.APB1Freq_Value=32000000
RCC.APB1TimFreq_Value=32000000
RCC.APB2CLKDivider=RCC_HCLK_DIV1
RCC.APB2Freq_Value=32000000
RCC.APB2TimFreq_Value=32000000
RCC.ClockTypeHCLK=RCC_CLOCKTYPE_HCLK
RCC.ClockTypePCLK1=RCC_CLOCKTYPE_PCLK1
RCC.ClockTypePCLK2=RCC_CLOCKTYPE_PCLK2
RCC.ClockTypeSysClk=RCC_CLOCKTYPE_SYSCLK
RCC.EnableCSSLSE=false
RCC.EnableHSE=false
RCC.EnableHSELCDDevisor=false
RCC.EnableHSERTCDevisor=false
RCC.EnableLSE=false
RCC.EnableLSERTC=false
RCC.EnbaleCSS=false
RCC.FCLKCortexFreq_Value=32000000
RCC.FamilyName=M
RCC.HCLKFreq_Value=32000000
RCC.HSE_VALUE=8000000
RCC.HSI16State=RCC_HSI_ON
RCC.HSI16_VALUE=16000000
RCC.HSI48State=RCC_HSI48_OFF
RCC.HSI48_VALUE=48000000
RCC.HSIRCDiv=1
RCC.HSI_VALUE=16000000
RCC.I2C1Enable=false
RCC.I2C1Freq_Value=32000000
RCC.I2C3Freq_Value=32000000
RCC.IPParameters=48CLKFreq_Value,48MEnable,48RNGFreq_Value,48USBFreq_Value,ADCEnable,AHBCLKDivider,AHBFreq_Value,APB1CLKDivider,APB1Freq_Value,APB1TimFreq_Value,APB2CLKDivider,APB2Freq_Value,APB2TimFreq_Value,ClockTypeHCLK,ClockTypePCLK1,ClockTypePCLK2,ClockTypeSysClk,EnableCSSLSE,EnableHSE,EnableHSELCDDevisor,EnableHSERTCDevisor,EnableLSE,EnableLSERTC,EnbaleCSS,FCLKCortexFreq_Value,FamilyName,HCLKFreq_Value,HSE_VALUE,HSI16State,HSI16_VALUE,HSI48State,HSI48_VALUE,HSIRCDiv,HSI_VALUE,I2C1Enable,I2C1Freq_Value,I2C3Freq_Value,IWDGEnable,LCDEnable,LCDFreq_Value,LPTIMEnable,LPTIMFreq_Value,LPUARTEnable,LPUARTFreq_Value,LSE_VALUE,LSIState,LSI_VALUE,MCOEnable,MCOPinFreq_Value,MSI_VALUE,PLLCLKFreq_Value,PLLDIV,PLLMUL,PLLSource,PLLState,PWRFreq_Value,RCC_MCODiv,RCC_PERIPHCLK_USART2Var,RCC_RTC_Clock_Source_FROM_HSE,RNGEnable,RTCEnable,RTCFreq_Value,RTCHSEDivFreq_Value,SYSCLKFreq_VALUE,SYSCLKSource,TIMFreq_Value,TimPrescaler,TimerFreq_Value,USART1Enable,USART1Freq_Value,USART2Enable,USART2Freq_Value,USBEnable,VCOOutputFreq_Value,WatchDogFreq_Value
RCC.IWDGEnable=false
RCC.LCDEnable=false
RCC.LCDFreq_Value=37000
RCC.LPTIMEnable=false
RCC.LPTIMFreq_Value=32000000
RCC.LPUARTEnable=false
RCC.LPUARTFreq_Value=32000000
RCC.LSE_VALUE=32768
RCC.LSIState=RCC_LSI_OFF
RCC.LSI_VALUE=37000
RCC.MCOEnable=false
RCC.MCOPinFreq_Value=32000000
RCC.MSI_VALUE=2097000
RCC.PLLCLKFreq_Value=32000000
RCC.PLLDIV=RCC_PLLDIV_2
RCC.PLLMUL=RCC_PLLMUL_4
RCC.PLLSource=RCC_PLLSOURCE_HSI
RCC.PLLState=RCC_PLL_ON
RCC.PWRFreq_Value=32000000
RCC.RCC_MCODiv=RCC_MCODIV_1
RCC.RCC_PERIPHCLK_USART2Var=RCC_PERIPHCLK_USART2
RCC.RCC_RTC_Clock_Source_FROM_HSE=RCC_RTCCLKSOURCE_HSE_DIV2
RCC.RNGEnable=false
RCC.RTCEnable=false
RCC.RTCFreq_Value=37000
RCC.RTCHSEDivFreq_Value=4000000
RCC.SYSCLKFreq_VALUE=32000000
RCC.SYSCLKSource=RCC_SYSCLKSOURCE_PLLCLK
RCC.TIMFreq_Value=32000000
RCC.TimPrescaler=SYSTICK_CLKSOURCE_HCLK
RCC.TimerFreq_Value=32000000
RCC.USART1Enable=false
RCC.USART1Freq_Value=32000000
RCC.USART2Enable=true
RCC.USART2Freq_Value=32000000
RCC.USBEnable=false
RCC.VCOOutputFreq_Value=64000000
RCC.WatchDogFreq_Value=37000
USART2.HwFlowCtl-Asynchronous=UART_HWCONTROL_NONE
USART2.IPParameters=VirtualMode-Asynchronous,HwFlowCtl-Asynchronous,WordLength,OverrunDisableParam
USART2.OverrunDisableParam=UART_ADVFEATURE_OVERRUN_ENABLE
USART2.VirtualMode-Asynchronous=VM_ASYNC
USART2.WordLength=WORDLENGTH_8B
VP_FREERTOS_VS_ENABLE.Mode=Enabled
VP_FREERTOS_VS_ENABLE.Signal=FREERTOS_VS_ENABLE
VP_SYS_VS_tim6.Mode=TIM6
VP_SYS_VS_tim6.Signal=SYS_VS_tim6
board=TGR_SENSOR_TASKS
